
Microsoft Visual Studio Solution File, Format Version 12.00
# Visual Studio Version 17
VisualStudioVersion = 17.8.34511.84
MinimumVisualStudioVersion = 10.0.40219.1
Project("{E24C65DC-7377-472B-9ABA-BC803B73C61A}") = "SECR.BatchBillApproval", "SECR.BatchBillApproval\", "{2A0555F6-B4F4-4F2B-AB95-D70355C19BB3}"
	ProjectSection(WebsiteProperties) = preProject
		TargetFrameworkMoniker = ".NETFramework,Version%3Dv4.7.2"
		Debug.AspNetCompiler.VirtualPath = "/localhost_51058"
		Debug.AspNetCompiler.PhysicalPath = "SECR.BatchBillApproval\"
		Debug.AspNetCompiler.TargetPath = "PrecompiledWeb\localhost_51058\"
		Debug.AspNetCompiler.Updateable = "true"
		Debug.AspNetCompiler.ForceOverwrite = "true"
		Debug.AspNetCompiler.FixedNames = "false"
		Debug.AspNetCompiler.Debug = "True"
		Release.AspNetCompiler.VirtualPath = "/localhost_51058"
		Release.AspNetCompiler.PhysicalPath = "SECR.BatchBillApproval\"
		Release.AspNetCompiler.TargetPath = "PrecompiledWeb\localhost_51058\"
		Release.AspNetCompiler.Updateable = "true"
		Release.AspNetCompiler.ForceOverwrite = "true"
		Release.AspNetCompiler.FixedNames = "false"
		Release.AspNetCompiler.Debug = "False"
		VWDPort = "51058"
		SlnRelativePath = "SECR.BatchBillApproval\"
		DefaultWebSiteLanguage = "Visual C#"
	EndProjectSection
EndProject
Global
	GlobalSection(SolutionConfigurationPlatforms) = preSolution
		Debug|Any CPU = Debug|Any CPU
	EndGlobalSection
	GlobalSection(ProjectConfigurationPlatforms) = postSolution
		{2A0555F6-B4F4-4F2B-AB95-D70355C19BB3}.Debug|Any CPU.ActiveCfg = Debug|Any CPU
		{2A0555F6-B4F4-4F2B-AB95-D70355C19BB3}.Debug|Any CPU.Build.0 = Debug|Any CPU
	EndGlobalSection
	GlobalSection(SolutionProperties) = preSolution
		HideSolutionNode = FALSE
	EndGlobalSection
	GlobalSection(ExtensibilityGlobals) = postSolution
		SolutionGuid = {D54DB071-11B5-4038-A736-F4C799333822}
	EndGlobalSection
EndGlobal
